
Microsoft Visual Studio Solution File, Format Version 12.00
# Visual Studio 14
VisualStudioVersion = 14.0.25420.1
MinimumVisualStudioVersion = 10.0.40219.1
Project("{FAE04EC0-301F-11D3-BF4B-00C04F79EFBC}") = "AutoQueueSystem", "AutoQueueSystem\AutoQueueSystem.csproj", "{EE684CEA-533A-4ABD-BA12-7244E77F8FAE}"
EndProject
Project("{FAE04EC0-301F-11D3-BF4B-00C04F79EFBC}") = "DAL", "DAL\DAL.csproj", "{E7479806-9DBD-4DC6-BB9F-FE804E3D77E7}"
EndProject
Project("{FAE04EC0-301F-11D3-BF4B-00C04F79EFBC}") = "Entities", "Entities\Entities.csproj", "{DCDED53B-B3D3-425B-AA8B-89A661BC6D4E}"
EndProject
Project("{FAE04EC0-301F-11D3-BF4B-00C04F79EFBC}") = "Interface", "Interface\Interface.csproj", "{D0EAFDE9-CA5D-4146-8452-3110B47B9EFA}"
EndProject
Global
	GlobalSection(SolutionConfigurationPlatforms) = preSolution
		Debug|Any CPU = Debug|Any CPU
		Release|Any CPU = Release|Any CPU
	EndGlobalSection
	GlobalSection(ProjectConfigurationPlatforms) = postSolution
		{EE684CEA-533A-4ABD-BA12-7244E77F8FAE}.Debug|Any CPU.ActiveCfg = Debug|Any CPU
		{EE684CEA-533A-4ABD-BA12-7244E77F8FAE}.Debug|Any CPU.Build.0 = Debug|Any CPU
		{EE684CEA-533A-4ABD-BA12-7244E77F8FAE}.Release|Any CPU.ActiveCfg = Release|Any CPU
		{EE684CEA-533A-4ABD-BA12-7244E77F8FAE}.Release|Any CPU.Build.0 = Release|Any CPU
		{E7479806-9DBD-4DC6-BB9F-FE804E3D77E7}.Debug|Any CPU.ActiveCfg = Debug|Any CPU
		{E7479806-9DBD-4DC6-BB9F-FE804E3D77E7}.Debug|Any CPU.Build.0 = Debug|Any CPU
		{E7479806-9DBD-4DC6-BB9F-FE804E3D77E7}.Release|Any CPU.ActiveCfg = Release|Any CPU
		{E7479806-9DBD-4DC6-BB9F-FE804E3D77E7}.Release|Any CPU.Build.0 = Release|Any CPU
		{DCDED53B-B3D3-425B-AA8B-89A661BC6D4E}.Debug|Any CPU.ActiveCfg = Debug|Any CPU
		{DCDED53B-B3D3-425B-AA8B-89A661BC6D4E}.Debug|Any CPU.Build.0 = Debug|Any CPU
		{DCDED53B-B3D3-425B-AA8B-89A661BC6D4E}.Release|Any CPU.ActiveCfg = Release|Any CPU
		{DCDED53B-B3D3-425B-AA8B-89A661BC6D4E}.Release|Any CPU.Build.0 = Release|Any CPU
		{D0EAFDE9-CA5D-4146-8452-3110B47B9EFA}.Debug|Any CPU.ActiveCfg = Debug|Any CPU
		{D0EAFDE9-CA5D-4146-8452-3110B47B9EFA}.Debug|Any CPU.Build.0 = Debug|Any CPU
		{D0EAFDE9-CA5D-4146-8452-3110B47B9EFA}.Release|Any CPU.ActiveCfg = Release|Any CPU
		{D0EAFDE9-CA5D-4146-8452-3110B47B9EFA}.Release|Any CPU.Build.0 = Release|Any CPU
	EndGlobalSection
	GlobalSection(SolutionProperties) = preSolution
		HideSolutionNode = FALSE
	EndGlobalSection
EndGlobal
